
Microsoft Visual Studio Solution File, Format Version 12.00
# Visual Studio 15
VisualStudioVersion = 15.0.26124.0
MinimumVisualStudioVersion = 15.0.26124.0
Project("{FAE04EC0-301F-11D3-BF4B-00C04F79EFBC}") = "NF.Tool.UnityPackage", "NF.Tool.UnityPackage\NF.Tool.UnityPackage.csproj", "{1DAA7240-3BB6-4704-A01B-A89EB29D4F74}"
EndProject
Project("{FAE04EC0-301F-11D3-BF4B-00C04F79EFBC}") = "NF.Tool.UnityPackage.Test", "NF.Tool.UnityPackage.Test\NF.Tool.UnityPackage.Test.csproj", "{71164244-2E2A-4D77-BFC4-CA0A94243EA7}"
EndProject
Project("{FAE04EC0-301F-11D3-BF4B-00C04F79EFBC}") = "NF.Tool.UnityPackage.WPF", "NF.Tool.UnityPackage.WPF\NF.Tool.UnityPackage.WPF.csproj", "{D770BFA0-5C70-4531-969F-2D9F77E27B5C}"
EndProject
Project("{FAE04EC0-301F-11D3-BF4B-00C04F79EFBC}") = "NF.Tool.UnityPackage.Console", "NF.Tool.UnityPackage.Console\NF.Tool.UnityPackage.Console.csproj", "{F2DA37EA-F090-4E70-A80D-1E82F8396B95}"
EndProject
Global
	GlobalSection(SolutionConfigurationPlatforms) = preSolution
		Debug|Any CPU = Debug|Any CPU
		Debug|x64 = Debug|x64
		Debug|x86 = Debug|x86
		Release|Any CPU = Release|Any CPU
		Release|x64 = Release|x64
		Release|x86 = Release|x86
	EndGlobalSection
	GlobalSection(SolutionProperties) = preSolution
		HideSolutionNode = FALSE
	EndGlobalSection
	GlobalSection(ProjectConfigurationPlatforms) = postSolution
		{1DAA7240-3BB6-4704-A01B-A89EB29D4F74}.Debug|Any CPU.ActiveCfg = Debug|Any CPU
		{1DAA7240-3BB6-4704-A01B-A89EB29D4F74}.Debug|Any CPU.Build.0 = Debug|Any CPU
		{1DAA7240-3BB6-4704-A01B-A89EB29D4F74}.Debug|x64.ActiveCfg = Debug|Any CPU
		{1DAA7240-3BB6-4704-A01B-A89EB29D4F74}.Debug|x64.Build.0 = Debug|Any CPU
		{1DAA7240-3BB6-4704-A01B-A89EB29D4F74}.Debug|x86.ActiveCfg = Debug|Any CPU
		{1DAA7240-3BB6-4704-A01B-A89EB29D4F74}.Debug|x86.Build.0 = Debug|Any CPU
		{1DAA7240-3BB6-4704-A01B-A89EB29D4F74}.Release|Any CPU.ActiveCfg = Release|Any CPU
		{1DAA7240-3BB6-4704-A01B-A89EB29D4F74}.Release|Any CPU.Build.0 = Release|Any CPU
		{1DAA7240-3BB6-4704-A01B-A89EB29D4F74}.Release|x64.ActiveCfg = Release|Any CPU
		{1DAA7240-3BB6-4704-A01B-A89EB29D4F74}.Release|x64.Build.0 = Release|Any CPU
		{1DAA7240-3BB6-4704-A01B-A89EB29D4F74}.Release|x86.ActiveCfg = Release|Any CPU
		{1DAA7240-3BB6-4704-A01B-A89EB29D4F74}.Release|x86.Build.0 = Release|Any CPU
		{71164244-2E2A-4D77-BFC4-CA0A94243EA7}.Debug|Any CPU.ActiveCfg = Debug|Any CPU
		{71164244-2E2A-4D77-BFC4-CA0A94243EA7}.Debug|Any CPU.Build.0 = Debug|Any CPU
		{71164244-2E2A-4D77-BFC4-CA0A94243EA7}.Debug|x64.ActiveCfg = Debug|Any CPU
		{71164244-2E2A-4D77-BFC4-CA0A94243EA7}.Debug|x64.Build.0 = Debug|Any CPU
		{71164244-2E2A-4D77-BFC4-CA0A94243EA7}.Debug|x86.ActiveCfg = Debug|Any CPU
		{71164244-2E2A-4D77-BFC4-CA0A94243EA7}.Debug|x86.Build.0 = Debug|Any CPU
		{71164244-2E2A-4D77-BFC4-CA0A94243EA7}.Release|Any CPU.ActiveCfg = Release|Any CPU
		{71164244-2E2A-4D77-BFC4-CA0A94243EA7}.Release|Any CPU.Build.0 = Release|Any CPU
		{71164244-2E2A-4D77-BFC4-CA0A94243EA7}.Release|x64.ActiveCfg = Release|Any CPU
		{71164244-2E2A-4D77-BFC4-CA0A94243EA7}.Release|x64.Build.0 = Release|Any CPU
		{71164244-2E2A-4D77-BFC4-CA0A94243EA7}.Release|x86.ActiveCfg = Release|Any CPU
		{71164244-2E2A-4D77-BFC4-CA0A94243EA7}.Release|x86.Build.0 = Release|Any CPU
		{D770BFA0-5C70-4531-969F-2D9F77E27B5C}.Debug|Any CPU.ActiveCfg = Debug|Any CPU
		{D770BFA0-5C70-4531-969F-2D9F77E27B5C}.Debug|Any CPU.Build.0 = Debug|Any CPU
		{D770BFA0-5C70-4531-969F-2D9F77E27B5C}.Debug|x64.ActiveCfg = Debug|Any CPU
		{D770BFA0-5C70-4531-969F-2D9F77E27B5C}.Debug|x64.Build.0 = Debug|Any CPU
		{D770BFA0-5C70-4531-969F-2D9F77E27B5C}.Debug|x86.ActiveCfg = Debug|Any CPU
		{D770BFA0-5C70-4531-969F-2D9F77E27B5C}.Debug|x86.Build.0 = Debug|Any CPU
		{D770BFA0-5C70-4531-969F-2D9F77E27B5C}.Release|Any CPU.ActiveCfg = Release|Any CPU
		{D770BFA0-5C70-4531-969F-2D9F77E27B5C}.Release|Any CPU.Build.0 = Release|Any CPU
		{D770BFA0-5C70-4531-969F-2D9F77E27B5C}.Release|x64.ActiveCfg = Release|Any CPU
		{D770BFA0-5C70-4531-969F-2D9F77E27B5C}.Release|x64.Build.0 = Release|Any CPU
		{D770BFA0-5C70-4531-969F-2D9F77E27B5C}.Release|x86.ActiveCfg = Release|Any CPU
		{D770BFA0-5C70-4531-969F-2D9F77E27B5C}.Release|x86.Build.0 = Release|Any CPU
		{F2DA37EA-F090-4E70-A80D-1E82F8396B95}.Debug|Any CPU.ActiveCfg = Debug|Any CPU
		{F2DA37EA-F090-4E70-A80D-1E82F8396B95}.Debug|Any CPU.Build.0 = Debug|Any CPU
		{F2DA37EA-F090-4E70-A80D-1E82F8396B95}.Debug|x64.ActiveCfg = Debug|Any CPU
		{F2DA37EA-F090-4E70-A80D-1E82F8396B95}.Debug|x64.Build.0 = Debug|Any CPU
		{F2DA37EA-F090-4E70-A80D-1E82F8396B95}.Debug|x86.ActiveCfg = Debug|Any CPU
		{F2DA37EA-F090-4E70-A80D-1E82F8396B95}.Debug|x86.Build.0 = Debug|Any CPU
		{F2DA37EA-F090-4E70-A80D-1E82F8396B95}.Release|Any CPU.ActiveCfg = Release|Any CPU
		{F2DA37EA-F090-4E70-A80D-1E82F8396B95}.Release|Any CPU.Build.0 = Release|Any CPU
		{F2DA37EA-F090-4E70-A80D-1E82F8396B95}.Release|x64.ActiveCfg = Release|Any CPU
		{F2DA37EA-F090-4E70-A80D-1E82F8396B95}.Release|x64.Build.0 = Release|Any CPU
		{F2DA37EA-F090-4E70-A80D-1E82F8396B95}.Release|x86.ActiveCfg = Release|Any CPU
		{F2DA37EA-F090-4E70-A80D-1E82F8396B95}.Release|x86.Build.0 = Release|Any CPU
	EndGlobalSection
EndGlobal
