<Solution>
  <Configurations>
    <Platform Name="Any CPU" />
    <Platform Name="x64" />
    <Platform Name="x86" />
  </Configurations>
  <Project Path="NF.Tool.UnityPackage.Console/NF.Tool.UnityPackage.Console.csproj" />
  <Project Path="NF.Tool.UnityPackage.Test/NF.Tool.UnityPackage.Test.csproj" />
  <Project Path="NF.Tool.UnityPackage/NF.Tool.UnityPackage.csproj" />
  <Project Path="UnityUnpackGUI/UnityUnpackGUI.csproj" />
</Solution>
